
Microsoft Visual Studio Solution File, Format Version 12.00
# Visual Studio Version 17
VisualStudioVersion = 17.7.34018.315
MinimumVisualStudioVersion = 10.0.40219.1
Project("{FAE04EC0-301F-11D3-BF4B-00C04F79EFBC}") = "Hangman_final2", "Hangman_final2\Hangman_final2.csproj", "{C74B6694-A62B-48D0-9CDD-88649B2C895E}"
EndProject
Project("{54435603-DBB4-11D2-8724-00A0C9A8B90C}") = "Hangman", "Hangman\Hangman.vdproj", "{5AE94647-C026-456A-BBC0-10172321E0B0}"
EndProject
Global
	GlobalSection(SolutionConfigurationPlatforms) = preSolution
		Debug|Any CPU = Debug|Any CPU
		Release|Any CPU = Release|Any CPU
	EndGlobalSection
	GlobalSection(ProjectConfigurationPlatforms) = postSolution
		{C74B6694-A62B-48D0-9CDD-88649B2C895E}.Debug|Any CPU.ActiveCfg = Release|Any CPU
		{C74B6694-A62B-48D0-9CDD-88649B2C895E}.Debug|Any CPU.Build.0 = Release|Any CPU
		{C74B6694-A62B-48D0-9CDD-88649B2C895E}.Release|Any CPU.ActiveCfg = Release|Any CPU
		{C74B6694-A62B-48D0-9CDD-88649B2C895E}.Release|Any CPU.Build.0 = Release|Any CPU
		{5AE94647-C026-456A-BBC0-10172321E0B0}.Debug|Any CPU.ActiveCfg = Release
		{5AE94647-C026-456A-BBC0-10172321E0B0}.Release|Any CPU.ActiveCfg = Release
	EndGlobalSection
	GlobalSection(SolutionProperties) = preSolution
		HideSolutionNode = FALSE
	EndGlobalSection
	GlobalSection(ExtensibilityGlobals) = postSolution
		SolutionGuid = {3CF5088B-659A-415A-97A8-B0F03FDF242D}
	EndGlobalSection
EndGlobal
